
Microsoft Visual Studio Solution File, Format Version 12.00
# Visual Studio 2012
Project("{8BC9CEB8-8B4A-11D0-8D11-00A0C91BC942}") = "dames", "dames\dames.vcxproj", "{6462E07D-5D19-4D6E-88CC-37062E56FC09}"
EndProject
Global
	GlobalSection(SolutionConfigurationPlatforms) = preSolution
		Debug|Win32 = Debug|Win32
		Release|Win32 = Release|Win32
	EndGlobalSection
	GlobalSection(ProjectConfigurationPlatforms) = postSolution
		{6462E07D-5D19-4D6E-88CC-37062E56FC09}.Debug|Win32.ActiveCfg = Debug|Win32
		{6462E07D-5D19-4D6E-88CC-37062E56FC09}.Debug|Win32.Build.0 = Debug|Win32
		{6462E07D-5D19-4D6E-88CC-37062E56FC09}.Release|Win32.ActiveCfg = Release|Win32
		{6462E07D-5D19-4D6E-88CC-37062E56FC09}.Release|Win32.Build.0 = Release|Win32
	EndGlobalSection
	GlobalSection(SolutionProperties) = preSolution
		HideSolutionNode = FALSE
	EndGlobalSection
EndGlobal
